
Microsoft Visual Studio Solution File, Format Version 12.00
# Visual Studio Version 17
VisualStudioVersion = 17.6.33723.286
MinimumVisualStudioVersion = 10.0.40219.1
Project("{FAE04EC0-301F-11D3-BF4B-00C04F79EFBC}") = "SimpleTwitchTTS", "SimpleTwitchTTS\SimpleTwitchTTS.csproj", "{7B33E3E4-D591-41A5-957B-B407AB11847A}"
EndProject
Global
	GlobalSection(SolutionConfigurationPlatforms) = preSolution
		Debug|Any CPU = Debug|Any CPU
		Release|Any CPU = Release|Any CPU
	EndGlobalSection
	GlobalSection(ProjectConfigurationPlatforms) = postSolution
		{7B33E3E4-D591-41A5-957B-B407AB11847A}.Debug|Any CPU.ActiveCfg = Debug|Any CPU
		{7B33E3E4-D591-41A5-957B-B407AB11847A}.Debug|Any CPU.Build.0 = Debug|Any CPU
		{7B33E3E4-D591-41A5-957B-B407AB11847A}.Release|Any CPU.ActiveCfg = Release|Any CPU
		{7B33E3E4-D591-41A5-957B-B407AB11847A}.Release|Any CPU.Build.0 = Release|Any CPU
	EndGlobalSection
	GlobalSection(SolutionProperties) = preSolution
		HideSolutionNode = FALSE
	EndGlobalSection
	GlobalSection(ExtensibilityGlobals) = postSolution
		SolutionGuid = {048F9938-29CD-41DD-A48D-D3A6CEFACDB7}
	EndGlobalSection
EndGlobal
